
Microsoft Visual Studio Solution File, Format Version 9.00
# Visual Studio 2005
Project("{FAE04EC0-301F-11D3-BF4B-00C04F79EFBC}") = "Literals", "Literals.csproj", "{BE5A3C5F-9552-4FD9-9CA4-BF24731D9107}"
EndProject
Global
	GlobalSection(SolutionConfigurationPlatforms) = preSolution
		Debug|Any CPU = Debug|Any CPU
		Release|Any CPU = Release|Any CPU
	EndGlobalSection
	GlobalSection(ProjectConfigurationPlatforms) = postSolution
		{BE5A3C5F-9552-4FD9-9CA4-BF24731D9107}.Debug|Any CPU.ActiveCfg = Debug|Any CPU
		{BE5A3C5F-9552-4FD9-9CA4-BF24731D9107}.Debug|Any CPU.Build.0 = Debug|Any CPU
		{BE5A3C5F-9552-4FD9-9CA4-BF24731D9107}.Release|Any CPU.ActiveCfg = Release|Any CPU
		{BE5A3C5F-9552-4FD9-9CA4-BF24731D9107}.Release|Any CPU.Build.0 = Release|Any CPU
	EndGlobalSection
	GlobalSection(SolutionProperties) = preSolution
		HideSolutionNode = FALSE
	EndGlobalSection
EndGlobal
