
Microsoft Visual Studio Solution File, Format Version 9.00
# Visual Studio 2005
Project("{FAE04EC0-301F-11D3-BF4B-00C04F79EFBC}") = "FormatAllignment", "FormatAllignment.csproj", "{CC61BD07-42A0-499A-BBB3-8AC2CE504BE8}"
EndProject
Global
	GlobalSection(SolutionConfigurationPlatforms) = preSolution
		Debug|Any CPU = Debug|Any CPU
		Release|Any CPU = Release|Any CPU
	EndGlobalSection
	GlobalSection(ProjectConfigurationPlatforms) = postSolution
		{CC61BD07-42A0-499A-BBB3-8AC2CE504BE8}.Debug|Any CPU.ActiveCfg = Debug|Any CPU
		{CC61BD07-42A0-499A-BBB3-8AC2CE504BE8}.Debug|Any CPU.Build.0 = Debug|Any CPU
		{CC61BD07-42A0-499A-BBB3-8AC2CE504BE8}.Release|Any CPU.ActiveCfg = Release|Any CPU
		{CC61BD07-42A0-499A-BBB3-8AC2CE504BE8}.Release|Any CPU.Build.0 = Release|Any CPU
	EndGlobalSection
	GlobalSection(SolutionProperties) = preSolution
		HideSolutionNode = FALSE
	EndGlobalSection
EndGlobal
