
Microsoft Visual Studio Solution File, Format Version 9.00
# Visual Studio 2005
Project("{FAE04EC0-301F-11D3-BF4B-00C04F79EFBC}") = "SubstitutingValues 1", "SubstitutingValues 1.csproj", "{7CD297EE-2EA6-4A12-BB12-60C792960E60}"
EndProject
Global
	GlobalSection(SolutionConfigurationPlatforms) = preSolution
		Debug|Any CPU = Debug|Any CPU
		Release|Any CPU = Release|Any CPU
	EndGlobalSection
	GlobalSection(ProjectConfigurationPlatforms) = postSolution
		{7CD297EE-2EA6-4A12-BB12-60C792960E60}.Debug|Any CPU.ActiveCfg = Debug|Any CPU
		{7CD297EE-2EA6-4A12-BB12-60C792960E60}.Debug|Any CPU.Build.0 = Debug|Any CPU
		{7CD297EE-2EA6-4A12-BB12-60C792960E60}.Release|Any CPU.ActiveCfg = Release|Any CPU
		{7CD297EE-2EA6-4A12-BB12-60C792960E60}.Release|Any CPU.Build.0 = Release|Any CPU
	EndGlobalSection
	GlobalSection(SolutionProperties) = preSolution
		HideSolutionNode = FALSE
	EndGlobalSection
EndGlobal
