
Microsoft Visual Studio Solution File, Format Version 9.00
# Visual Studio 2005
Project("{FAE04EC0-301F-11D3-BF4B-00C04F79EFBC}") = "AnimalInterfaces", "AnimalInterfaces.csproj", "{37E046AF-8043-4FF2-96A2-0DB386AA988A}"
EndProject
Global
	GlobalSection(SolutionConfigurationPlatforms) = preSolution
		Debug|Any CPU = Debug|Any CPU
		Release|Any CPU = Release|Any CPU
	EndGlobalSection
	GlobalSection(ProjectConfigurationPlatforms) = postSolution
		{37E046AF-8043-4FF2-96A2-0DB386AA988A}.Debug|Any CPU.ActiveCfg = Debug|Any CPU
		{37E046AF-8043-4FF2-96A2-0DB386AA988A}.Debug|Any CPU.Build.0 = Debug|Any CPU
		{37E046AF-8043-4FF2-96A2-0DB386AA988A}.Release|Any CPU.ActiveCfg = Release|Any CPU
		{37E046AF-8043-4FF2-96A2-0DB386AA988A}.Release|Any CPU.Build.0 = Release|Any CPU
	EndGlobalSection
	GlobalSection(SolutionProperties) = preSolution
		HideSolutionNode = FALSE
	EndGlobalSection
EndGlobal
