
Microsoft Visual Studio Solution File, Format Version 9.00
# Visual Studio 2005
Project("{FAE04EC0-301F-11D3-BF4B-00C04F79EFBC}") = "KeywordThis", "KeywordThis.csproj", "{A008B3F0-4652-4349-8156-3431FAA3201F}"
EndProject
Global
	GlobalSection(SolutionConfigurationPlatforms) = preSolution
		Debug|Any CPU = Debug|Any CPU
		Release|Any CPU = Release|Any CPU
	EndGlobalSection
	GlobalSection(ProjectConfigurationPlatforms) = postSolution
		{A008B3F0-4652-4349-8156-3431FAA3201F}.Debug|Any CPU.ActiveCfg = Debug|Any CPU
		{A008B3F0-4652-4349-8156-3431FAA3201F}.Debug|Any CPU.Build.0 = Debug|Any CPU
		{A008B3F0-4652-4349-8156-3431FAA3201F}.Release|Any CPU.ActiveCfg = Release|Any CPU
		{A008B3F0-4652-4349-8156-3431FAA3201F}.Release|Any CPU.Build.0 = Release|Any CPU
	EndGlobalSection
	GlobalSection(SolutionProperties) = preSolution
		HideSolutionNode = FALSE
	EndGlobalSection
EndGlobal
