
Microsoft Visual Studio Solution File, Format Version 9.00
# Visual Studio 2005
Project("{FAE04EC0-301F-11D3-BF4B-00C04F79EFBC}") = "TheTypeofOperator", "TheTypeofOperator.csproj", "{09CB5F7D-5984-4D71-960F-A3B64654C1F4}"
EndProject
Global
	GlobalSection(SolutionConfigurationPlatforms) = preSolution
		Debug|Any CPU = Debug|Any CPU
		Release|Any CPU = Release|Any CPU
	EndGlobalSection
	GlobalSection(ProjectConfigurationPlatforms) = postSolution
		{09CB5F7D-5984-4D71-960F-A3B64654C1F4}.Debug|Any CPU.ActiveCfg = Debug|Any CPU
		{09CB5F7D-5984-4D71-960F-A3B64654C1F4}.Debug|Any CPU.Build.0 = Debug|Any CPU
		{09CB5F7D-5984-4D71-960F-A3B64654C1F4}.Release|Any CPU.ActiveCfg = Release|Any CPU
		{09CB5F7D-5984-4D71-960F-A3B64654C1F4}.Release|Any CPU.Build.0 = Release|Any CPU
	EndGlobalSection
	GlobalSection(SolutionProperties) = preSolution
		HideSolutionNode = FALSE
	EndGlobalSection
EndGlobal
