
Microsoft Visual Studio Solution File, Format Version 9.00
# Visual Studio 2005
Project("{FAE04EC0-301F-11D3-BF4B-00C04F79EFBC}") = "ReadOnlyIterationVariable", "ReadOnlyIterationVariable.csproj", "{24114463-1BDF-407A-B294-5BFA70F3CDCA}"
EndProject
Global
	GlobalSection(SolutionConfigurationPlatforms) = preSolution
		Debug|Any CPU = Debug|Any CPU
		Release|Any CPU = Release|Any CPU
	EndGlobalSection
	GlobalSection(ProjectConfigurationPlatforms) = postSolution
		{24114463-1BDF-407A-B294-5BFA70F3CDCA}.Debug|Any CPU.ActiveCfg = Debug|Any CPU
		{24114463-1BDF-407A-B294-5BFA70F3CDCA}.Debug|Any CPU.Build.0 = Debug|Any CPU
		{24114463-1BDF-407A-B294-5BFA70F3CDCA}.Release|Any CPU.ActiveCfg = Release|Any CPU
		{24114463-1BDF-407A-B294-5BFA70F3CDCA}.Release|Any CPU.Build.0 = Release|Any CPU
	EndGlobalSection
	GlobalSection(SolutionProperties) = preSolution
		HideSolutionNode = FALSE
	EndGlobalSection
EndGlobal
