
Microsoft Visual Studio Solution File, Format Version 9.00
# Visual Studio 2005
Project("{FAE04EC0-301F-11D3-BF4B-00C04F79EFBC}") = "BaseAccess", "BaseAccess.csproj", "{79C66E5F-56E4-4059-BCFD-6F6A3D5077F1}"
EndProject
Global
	GlobalSection(SolutionConfigurationPlatforms) = preSolution
		Debug|Any CPU = Debug|Any CPU
		Release|Any CPU = Release|Any CPU
	EndGlobalSection
	GlobalSection(ProjectConfigurationPlatforms) = postSolution
		{79C66E5F-56E4-4059-BCFD-6F6A3D5077F1}.Debug|Any CPU.ActiveCfg = Debug|Any CPU
		{79C66E5F-56E4-4059-BCFD-6F6A3D5077F1}.Debug|Any CPU.Build.0 = Debug|Any CPU
		{79C66E5F-56E4-4059-BCFD-6F6A3D5077F1}.Release|Any CPU.ActiveCfg = Release|Any CPU
		{79C66E5F-56E4-4059-BCFD-6F6A3D5077F1}.Release|Any CPU.Build.0 = Release|Any CPU
	EndGlobalSection
	GlobalSection(SolutionProperties) = preSolution
		HideSolutionNode = FALSE
	EndGlobalSection
EndGlobal
