
Microsoft Visual Studio Solution File, Format Version 9.00
# Visual Studio 2005
Project("{FAE04EC0-301F-11D3-BF4B-00C04F79EFBC}") = "MainArguments", "MainArguments.csproj", "{2459E06D-A734-437F-97E4-B97D78E7E1F0}"
EndProject
Global
	GlobalSection(SolutionConfigurationPlatforms) = preSolution
		Debug|Any CPU = Debug|Any CPU
		Release|Any CPU = Release|Any CPU
	EndGlobalSection
	GlobalSection(ProjectConfigurationPlatforms) = postSolution
		{2459E06D-A734-437F-97E4-B97D78E7E1F0}.Debug|Any CPU.ActiveCfg = Debug|Any CPU
		{2459E06D-A734-437F-97E4-B97D78E7E1F0}.Debug|Any CPU.Build.0 = Debug|Any CPU
		{2459E06D-A734-437F-97E4-B97D78E7E1F0}.Release|Any CPU.ActiveCfg = Release|Any CPU
		{2459E06D-A734-437F-97E4-B97D78E7E1F0}.Release|Any CPU.Build.0 = Release|Any CPU
	EndGlobalSection
	GlobalSection(SolutionProperties) = preSolution
		HideSolutionNode = FALSE
	EndGlobalSection
EndGlobal
