
Microsoft Visual Studio Solution File, Format Version 9.00
# Visual Studio 2005
Project("{FAE04EC0-301F-11D3-BF4B-00C04F79EFBC}") = "UserDefinedConversion", "UserDefinedConversion.csproj", "{5085EB1A-1B9D-44CD-8D03-3B2A9C6EFED0}"
EndProject
Global
	GlobalSection(SolutionConfigurationPlatforms) = preSolution
		Debug|Any CPU = Debug|Any CPU
		Release|Any CPU = Release|Any CPU
	EndGlobalSection
	GlobalSection(ProjectConfigurationPlatforms) = postSolution
		{5085EB1A-1B9D-44CD-8D03-3B2A9C6EFED0}.Debug|Any CPU.ActiveCfg = Debug|Any CPU
		{5085EB1A-1B9D-44CD-8D03-3B2A9C6EFED0}.Debug|Any CPU.Build.0 = Debug|Any CPU
		{5085EB1A-1B9D-44CD-8D03-3B2A9C6EFED0}.Release|Any CPU.ActiveCfg = Release|Any CPU
		{5085EB1A-1B9D-44CD-8D03-3B2A9C6EFED0}.Release|Any CPU.Build.0 = Release|Any CPU
	EndGlobalSection
	GlobalSection(SolutionProperties) = preSolution
		HideSolutionNode = FALSE
	EndGlobalSection
EndGlobal
