
Microsoft Visual Studio Solution File, Format Version 9.00
# Visual Studio 2005
Project("{FAE04EC0-301F-11D3-BF4B-00C04F79EFBC}") = "BaseClass", "BaseClass\BaseClass.csproj", "{7D0320A4-1A56-4160-A3C9-E5906DAB82DB}"
EndProject
Project("{FAE04EC0-301F-11D3-BF4B-00C04F79EFBC}") = "Program", "Program\Program.csproj", "{7E698078-2C49-483E-BAEE-5AB545C87D0F}"
EndProject
Global
	GlobalSection(SolutionConfigurationPlatforms) = preSolution
		Debug|Any CPU = Debug|Any CPU
		Release|Any CPU = Release|Any CPU
	EndGlobalSection
	GlobalSection(ProjectConfigurationPlatforms) = postSolution
		{7D0320A4-1A56-4160-A3C9-E5906DAB82DB}.Debug|Any CPU.ActiveCfg = Debug|Any CPU
		{7D0320A4-1A56-4160-A3C9-E5906DAB82DB}.Debug|Any CPU.Build.0 = Debug|Any CPU
		{7D0320A4-1A56-4160-A3C9-E5906DAB82DB}.Release|Any CPU.ActiveCfg = Release|Any CPU
		{7D0320A4-1A56-4160-A3C9-E5906DAB82DB}.Release|Any CPU.Build.0 = Release|Any CPU
		{7E698078-2C49-483E-BAEE-5AB545C87D0F}.Debug|Any CPU.ActiveCfg = Debug|Any CPU
		{7E698078-2C49-483E-BAEE-5AB545C87D0F}.Debug|Any CPU.Build.0 = Debug|Any CPU
		{7E698078-2C49-483E-BAEE-5AB545C87D0F}.Release|Any CPU.ActiveCfg = Release|Any CPU
		{7E698078-2C49-483E-BAEE-5AB545C87D0F}.Release|Any CPU.Build.0 = Release|Any CPU
	EndGlobalSection
	GlobalSection(SolutionProperties) = preSolution
		HideSolutionNode = FALSE
	EndGlobalSection
EndGlobal
