
Microsoft Visual Studio Solution File, Format Version 9.00
# Visual Studio 2005
Project("{FAE04EC0-301F-11D3-BF4B-00C04F79EFBC}") = "DaysTemp 1", "DaysTemp 1.csproj", "{736B5414-17F5-48A4-B2FC-6E1F78216E31}"
EndProject
Global
	GlobalSection(SolutionConfigurationPlatforms) = preSolution
		Debug|Any CPU = Debug|Any CPU
		Release|Any CPU = Release|Any CPU
	EndGlobalSection
	GlobalSection(ProjectConfigurationPlatforms) = postSolution
		{736B5414-17F5-48A4-B2FC-6E1F78216E31}.Debug|Any CPU.ActiveCfg = Debug|Any CPU
		{736B5414-17F5-48A4-B2FC-6E1F78216E31}.Debug|Any CPU.Build.0 = Debug|Any CPU
		{736B5414-17F5-48A4-B2FC-6E1F78216E31}.Release|Any CPU.ActiveCfg = Release|Any CPU
		{736B5414-17F5-48A4-B2FC-6E1F78216E31}.Release|Any CPU.Build.0 = Release|Any CPU
	EndGlobalSection
	GlobalSection(SolutionProperties) = preSolution
		HideSolutionNode = FALSE
	EndGlobalSection
EndGlobal
