
Microsoft Visual Studio Solution File, Format Version 9.00
# Visual Studio 2005
Project("{FAE04EC0-301F-11D3-BF4B-00C04F79EFBC}") = "ContinueInWhile", "ContinueInWhile.csproj", "{9FFB569A-FBC7-48F5-B7E4-99253ACBAE41}"
EndProject
Global
	GlobalSection(SolutionConfigurationPlatforms) = preSolution
		Debug|Any CPU = Debug|Any CPU
		Release|Any CPU = Release|Any CPU
	EndGlobalSection
	GlobalSection(ProjectConfigurationPlatforms) = postSolution
		{9FFB569A-FBC7-48F5-B7E4-99253ACBAE41}.Debug|Any CPU.ActiveCfg = Debug|Any CPU
		{9FFB569A-FBC7-48F5-B7E4-99253ACBAE41}.Debug|Any CPU.Build.0 = Debug|Any CPU
		{9FFB569A-FBC7-48F5-B7E4-99253ACBAE41}.Release|Any CPU.ActiveCfg = Release|Any CPU
		{9FFB569A-FBC7-48F5-B7E4-99253ACBAE41}.Release|Any CPU.Build.0 = Release|Any CPU
	EndGlobalSection
	GlobalSection(SolutionProperties) = preSolution
		HideSolutionNode = FALSE
	EndGlobalSection
EndGlobal
