
Microsoft Visual Studio Solution File, Format Version 9.00
# Visual Studio 2005
Project("{FAE04EC0-301F-11D3-BF4B-00C04F79EFBC}") = "CloneValueArray", "CloneValueArray.csproj", "{FD5E6E56-686A-48F8-B6CC-105A60BF8101}"
EndProject
Global
	GlobalSection(SolutionConfigurationPlatforms) = preSolution
		Debug|Any CPU = Debug|Any CPU
		Release|Any CPU = Release|Any CPU
	EndGlobalSection
	GlobalSection(ProjectConfigurationPlatforms) = postSolution
		{FD5E6E56-686A-48F8-B6CC-105A60BF8101}.Debug|Any CPU.ActiveCfg = Debug|Any CPU
		{FD5E6E56-686A-48F8-B6CC-105A60BF8101}.Debug|Any CPU.Build.0 = Debug|Any CPU
		{FD5E6E56-686A-48F8-B6CC-105A60BF8101}.Release|Any CPU.ActiveCfg = Release|Any CPU
		{FD5E6E56-686A-48F8-B6CC-105A60BF8101}.Release|Any CPU.Build.0 = Release|Any CPU
	EndGlobalSection
	GlobalSection(SolutionProperties) = preSolution
		HideSolutionNode = FALSE
	EndGlobalSection
EndGlobal
