
Microsoft Visual Studio Solution File, Format Version 9.00
# Visual Studio 2005
Project("{FAE04EC0-301F-11D3-BF4B-00C04F79EFBC}") = "SwitchNoDefault", "SwitchNoDefault.csproj", "{CF8882B8-3417-4A20-93D2-1CC1D7254AD8}"
EndProject
Global
	GlobalSection(SolutionConfigurationPlatforms) = preSolution
		Debug|Any CPU = Debug|Any CPU
		Release|Any CPU = Release|Any CPU
	EndGlobalSection
	GlobalSection(ProjectConfigurationPlatforms) = postSolution
		{CF8882B8-3417-4A20-93D2-1CC1D7254AD8}.Debug|Any CPU.ActiveCfg = Debug|Any CPU
		{CF8882B8-3417-4A20-93D2-1CC1D7254AD8}.Debug|Any CPU.Build.0 = Debug|Any CPU
		{CF8882B8-3417-4A20-93D2-1CC1D7254AD8}.Release|Any CPU.ActiveCfg = Release|Any CPU
		{CF8882B8-3417-4A20-93D2-1CC1D7254AD8}.Release|Any CPU.Build.0 = Release|Any CPU
	EndGlobalSection
	GlobalSection(SolutionProperties) = preSolution
		HideSolutionNode = FALSE
	EndGlobalSection
EndGlobal
