
Microsoft Visual Studio Solution File, Format Version 9.00
# Visual Studio 2005
Project("{FAE04EC0-301F-11D3-BF4B-00C04F79EFBC}") = "ReturnValue", "ReturnValue.csproj", "{2314CC3D-7449-4F8A-A1F4-77A0197A20AA}"
EndProject
Global
	GlobalSection(SolutionConfigurationPlatforms) = preSolution
		Debug|Any CPU = Debug|Any CPU
		Release|Any CPU = Release|Any CPU
	EndGlobalSection
	GlobalSection(ProjectConfigurationPlatforms) = postSolution
		{2314CC3D-7449-4F8A-A1F4-77A0197A20AA}.Debug|Any CPU.ActiveCfg = Debug|Any CPU
		{2314CC3D-7449-4F8A-A1F4-77A0197A20AA}.Debug|Any CPU.Build.0 = Debug|Any CPU
		{2314CC3D-7449-4F8A-A1F4-77A0197A20AA}.Release|Any CPU.ActiveCfg = Release|Any CPU
		{2314CC3D-7449-4F8A-A1F4-77A0197A20AA}.Release|Any CPU.Build.0 = Release|Any CPU
	EndGlobalSection
	GlobalSection(SolutionProperties) = preSolution
		HideSolutionNode = FALSE
	EndGlobalSection
EndGlobal
