
Microsoft Visual Studio Solution File, Format Version 9.00
# Visual Studio 2005
Project("{FAE04EC0-301F-11D3-BF4B-00C04F79EFBC}") = "ReferenceToABaseClass", "ReferenceToABaseClass.csproj", "{61AB6838-DA6B-4392-9AE0-8B51CA05E6EA}"
EndProject
Global
	GlobalSection(SolutionConfigurationPlatforms) = preSolution
		Debug|Any CPU = Debug|Any CPU
		Release|Any CPU = Release|Any CPU
	EndGlobalSection
	GlobalSection(ProjectConfigurationPlatforms) = postSolution
		{61AB6838-DA6B-4392-9AE0-8B51CA05E6EA}.Debug|Any CPU.ActiveCfg = Debug|Any CPU
		{61AB6838-DA6B-4392-9AE0-8B51CA05E6EA}.Debug|Any CPU.Build.0 = Debug|Any CPU
		{61AB6838-DA6B-4392-9AE0-8B51CA05E6EA}.Release|Any CPU.ActiveCfg = Release|Any CPU
		{61AB6838-DA6B-4392-9AE0-8B51CA05E6EA}.Release|Any CPU.Build.0 = Release|Any CPU
	EndGlobalSection
	GlobalSection(SolutionProperties) = preSolution
		HideSolutionNode = FALSE
	EndGlobalSection
EndGlobal
