
Microsoft Visual Studio Solution File, Format Version 9.00
# Visual Studio 2005
Project("{FAE04EC0-301F-11D3-BF4B-00C04F79EFBC}") = "NullableStruct", "NullableStruct.csproj", "{D5BF2C2E-93E6-44A8-915B-7DE4B3F1182A}"
EndProject
Global
	GlobalSection(SolutionConfigurationPlatforms) = preSolution
		Debug|Any CPU = Debug|Any CPU
		Release|Any CPU = Release|Any CPU
	EndGlobalSection
	GlobalSection(ProjectConfigurationPlatforms) = postSolution
		{D5BF2C2E-93E6-44A8-915B-7DE4B3F1182A}.Debug|Any CPU.ActiveCfg = Debug|Any CPU
		{D5BF2C2E-93E6-44A8-915B-7DE4B3F1182A}.Debug|Any CPU.Build.0 = Debug|Any CPU
		{D5BF2C2E-93E6-44A8-915B-7DE4B3F1182A}.Release|Any CPU.ActiveCfg = Release|Any CPU
		{D5BF2C2E-93E6-44A8-915B-7DE4B3F1182A}.Release|Any CPU.Build.0 = Release|Any CPU
	EndGlobalSection
	GlobalSection(SolutionProperties) = preSolution
		HideSolutionNode = FALSE
	EndGlobalSection
EndGlobal
