
Microsoft Visual Studio Solution File, Format Version 9.00
# Visual Studio 2005
Project("{FAE04EC0-301F-11D3-BF4B-00C04F79EFBC}") = "EnumMembersWithNoObject", "EnumMembersWithNoObject.csproj", "{ABD7897C-9C8C-4A31-91F4-FD9D8B8FCF00}"
EndProject
Global
	GlobalSection(SolutionConfigurationPlatforms) = preSolution
		Debug|Any CPU = Debug|Any CPU
		Release|Any CPU = Release|Any CPU
	EndGlobalSection
	GlobalSection(ProjectConfigurationPlatforms) = postSolution
		{ABD7897C-9C8C-4A31-91F4-FD9D8B8FCF00}.Debug|Any CPU.ActiveCfg = Debug|Any CPU
		{ABD7897C-9C8C-4A31-91F4-FD9D8B8FCF00}.Debug|Any CPU.Build.0 = Debug|Any CPU
		{ABD7897C-9C8C-4A31-91F4-FD9D8B8FCF00}.Release|Any CPU.ActiveCfg = Release|Any CPU
		{ABD7897C-9C8C-4A31-91F4-FD9D8B8FCF00}.Release|Any CPU.Build.0 = Release|Any CPU
	EndGlobalSection
	GlobalSection(SolutionProperties) = preSolution
		HideSolutionNode = FALSE
	EndGlobalSection
EndGlobal
